
Microsoft Visual Studio Solution File, Format Version 12.00
# Visual Studio Version 17
VisualStudioVersion = 17.14.37411.7 d17.14
MinimumVisualStudioVersion = 10.0.40219.1
Project("{FAE04EC0-301F-11D3-BF4B-00C04F79EFBC}") = "LeaveManagementSystemDemo", "LeaveManagementSystemDemo\LeaveManagementSystemDemo.csproj", "{9112E120-AA6B-45C6-991D-17ACF397319F}"
EndProject
Global
	GlobalSection(SolutionConfigurationPlatforms) = preSolution
		Debug|Any CPU = Debug|Any CPU
		Release|Any CPU = Release|Any CPU
	EndGlobalSection
	GlobalSection(ProjectConfigurationPlatforms) = postSolution
		{9112E120-AA6B-45C6-991D-17ACF397319F}.Debug|Any CPU.ActiveCfg = Debug|Any CPU
		{9112E120-AA6B-45C6-991D-17ACF397319F}.Debug|Any CPU.Build.0 = Debug|Any CPU
		{9112E120-AA6B-45C6-991D-17ACF397319F}.Release|Any CPU.ActiveCfg = Release|Any CPU
		{9112E120-AA6B-45C6-991D-17ACF397319F}.Release|Any CPU.Build.0 = Release|Any CPU
	EndGlobalSection
	GlobalSection(SolutionProperties) = preSolution
		HideSolutionNode = FALSE
	EndGlobalSection
	GlobalSection(ExtensibilityGlobals) = postSolution
		SolutionGuid = {411FB982-3C98-47F1-BE4C-91673CC0A42F}
	EndGlobalSection
EndGlobal
